// !$*UTF8*$!
{
	archiveVersion = 1;
	classes = {
	};
	objectVersion = 46;
	objects = {

/* Begin PBXBuildFile section */
		87906CCB1AEF7F51004833C3 /* main.m in Sources */ = {isa = PBXBuildFile; fileRef = 87906CCA1AEF7F51004833C3 /* main.m */; };
		87906CCE1AEF7F51004833C3 /* AppDelegate.m in Sources */ = {isa = PBXBuildFile; fileRef = 87906CCD1AEF7F51004833C3 /* AppDelegate.m */; };
		87906CD11AEF7F51004833C3 /* ViewController.m in Sources */ = {isa = PBXBuildFile; fileRef = 87906CD01AEF7F51004833C3 /* ViewController.m */; };
		87906CD41AEF7F51004833C3 /* Main.storyboard in Resources */ = {isa = PBXBuildFile; fileRef = 87906CD21AEF7F51004833C3 /* Main.storyboard */; };
		87906CD61AEF7F51004833C3 /* Images.xcassets in Resources */ = {isa = PBXBuildFile; fileRef = 87906CD51AEF7F51004833C3 /* Images.xcassets */; };
		87906CD91AEF7F51004833C3 /* LaunchScreen.xib in Resources */ = {isa = PBXBuildFile; fileRef = 87906CD71AEF7F51004833C3 /* LaunchScreen.xib */; };
		87906CE51AEF7F51004833C3 /* TrainMeFitTests.m in Sources */ = {isa = PBXBuildFile; fileRef = 87906CE41AEF7F51004833C3 /* TrainMeFitTests.m */; };
/* End PBXBuildFile section */

/* Begin PBXContainerItemProxy section */
		87906CDF1AEF7F51004833C3 /* PBXContainerItemProxy */ = {
			isa = PBXContainerItemProxy;
			containerPortal = 87906CBD1AEF7F51004833C3 /* Project object */;
			proxyType = 1;
			remoteGlobalIDString = 87906CC41AEF7F51004833C3;
			remoteInfo = TrainMeFit;
		};
/* End PBXContainerItemProxy section */

/* Begin PBXFileReference section */
		87906CC51AEF7F51004833C3 /* TrainMeFit.app */ = {isa = PBXFileReference; explicitFileType = wrapper.application; includeInIndex = 0; path = TrainMeFit.app; sourceTree = BUILT_PRODUCTS_DIR; };
		87906CC91AEF7F51004833C3 /* Info.plist */ = {isa = PBXFileReference; lastKnownFileType = text.plist.xml; path = Info.plist; sourceTree = "<group>"; };
		87906CCA1AEF7F51004833C3 /* main.m */ = {isa = PBXFileReference; lastKnownFileType = sourcecode.c.objc; path = main.m; sourceTree = "<group>"; };
		87906CCC1AEF7F51004833C3 /* AppDelegate.h */ = {isa = PBXFileReference; lastKnownFileType = sourcecode.c.h; path = AppDelegate.h; sourceTree = "<group>"; };
		87906CCD1AEF7F51004833C3 /* AppDelegate.m */ = {isa = PBXFileReference; lastKnownFileType = sourcecode.c.objc; path = AppDelegate.m; sourceTree = "<group>"; };
		87906CCF1AEF7F51004833C3 /* ViewController.h */ = {isa = PBXFileReference; lastKnownFileType = sourcecode.c.h; path = ViewController.h; sourceTree = "<group>"; };
		87906CD01AEF7F51004833C3 /* ViewController.m */ = {isa = PBXFileReference; lastKnownFileType = sourcecode.c.objc; path = ViewController.m; sourceTree = "<group>"; };
		87906CD31AEF7F51004833C3 /* Base */ = {isa = PBXFileReference; lastKnownFileType = file.storyboard; name = Base; path = Base.lproj/Main.storyboard; sourceTree = "<group>"; };
		87906CD51AEF7F51004833C3 /* Images.xcassets */ = {isa = PBXFileReference; lastKnownFileType = folder.assetcatalog; path = Images.xcassets; sourceTree = "<group>"; };
		87906CD81AEF7F51004833C3 /* Base */ = {isa = PBXFileReference; lastKnownFileType = file.xib; name = Base; path = Base.lproj/LaunchScreen.xib; sourceTree = "<group>"; };
		87906CDE1AEF7F51004833C3 /* TrainMeFitTests.xctest */ = {isa = PBXFileReference; explicitFileType = wrapper.cfbundle; includeInIndex = 0; path = TrainMeFitTests.xctest; sourceTree = BUILT_PRODUCTS_DIR; };
		87906CE31AEF7F51004833C3 /* Info.plist */ = {isa = PBXFileReference; lastKnownFileType = text.plist.xml; path = Info.plist; sourceTree = "<group>"; };
		87906CE41AEF7F51004833C3 /* TrainMeFitTests.m */ = {isa = PBXFileReference; lastKnownFileType = sourcecode.c.objc; path = TrainMeFitTests.m; sourceTree = "<group>"; };
/* End PBXFileReference section */

/* Begin PBXFrameworksBuildPhase section */
		87906CC21AEF7F51004833C3 /* Frameworks */ = {
			isa = PBXFrameworksBuildPhase;
			buildActionMask = 2147483647;
			files = (
			);
			runOnlyForDeploymentPostprocessing = 0;
		};
		87906CDB1AEF7F51004833C3 /* Frameworks */ = {
			isa = PBXFrameworksBuildPhase;
			buildActionMask = 2147483647;
			files = (
			);
			runOnlyForDeploymentPostprocessing = 0;
		};
/* End PBXFrameworksBuildPhase section */

/* Begin PBXGroup section */
		87906CBC1AEF7F51004833C3 = {
			isa = PBXGroup;
			children = (
				87906CC71AEF7F51004833C3 /* TrainMeFit */,
				87906CE11AEF7F51004833C3 /* TrainMeFitTests */,
				87906CC61AEF7F51004833C3 /* Products */,
			);
			sourceTree = "<group>";
		};
		87906CC61AEF7F51004833C3 /* Products */ = {
			isa = PBXGroup;
			children = (
				87906CC51AEF7F51004833C3 /* TrainMeFit.app */,
				87906CDE1AEF7F51004833C3 /* TrainMeFitTests.xctest */,
			);
			name = Products;
			sourceTree = "<group>";
		};
		87906CC71AEF7F51004833C3 /* TrainMeFit */ = {
			isa = PBXGroup;
			children = (
				87906CCC1AEF7F51004833C3 /* AppDelegate.h */,
				87906CCD1AEF7F51004833C3 /* AppDelegate.m */,
				87906CCF1AEF7F51004833C3 /* ViewController.h */,
				87906CD01AEF7F51004833C3 /* ViewController.m */,
				87906CD21AEF7F51004833C3 /* Main.storyboard */,
				87906CD51AEF7F51004833C3 /* Images.xcassets */,
				87906CD71AEF7F51004833C3 /* LaunchScreen.xib */,
				87906CC81AEF7F51004833C3 /* Supporting Files */,
			);
			path = TrainMeFit;
			sourceTree = "<group>";
		};
		87906CC81AEF7F51004833C3 /* Supporting Files */ = {
			isa = PBXGroup;
			children = (
				87906CC91AEF7F51004833C3 /* Info.plist */,
				87906CCA1AEF7F51004833C3 /* main.m */,
			);
			name = "Supporting Files";
			sourceTree = "<group>";
		};
		87906CE11AEF7F51004833C3 /* TrainMeFitTests */ = {
			isa = PBXGroup;
			children = (
				87906CE41AEF7F51004833C3 /* TrainMeFitTests.m */,
				87906CE21AEF7F51004833C3 /* Supporting Files */,
			);
			path = TrainMeFitTests;
			sourceTree = "<group>";
		};
		87906CE21AEF7F51004833C3 /* Supporting Files */ = {
			isa = PBXGroup;
			children = (
				87906CE31AEF7F51004833C3 /* Info.plist */,
			);
			name = "Supporting Files";
			sourceTree = "<group>";
		};
/* End PBXGroup section */

/* Begin PBXNativeTarget section */
		87906CC41AEF7F51004833C3 /* TrainMeFit */ = {
			isa = PBXNativeTarget;
			buildConfigurationList = 87906CE81AEF7F51004833C3 /* Build configuration list for PBXNativeTarget "TrainMeFit" */;
			buildPhases = (
				87906CC11AEF7F51004833C3 /* Sources */,
				87906CC21AEF7F51004833C3 /* Frameworks */,
				87906CC31AEF7F51004833C3 /* Resources */,
			);
			buildRules = (
			);
			dependencies = (
			);
			name = TrainMeFit;
			productName = TrainMeFit;
			productReference = 87906CC51AEF7F51004833C3 /* TrainMeFit.app */;
			productType = "com.apple.product-type.application";
		};
		87906CDD1AEF7F51004833C3 /* TrainMeFitTests */ = {
			isa = PBXNativeTarget;
			buildConfigurationList = 87906CEB1AEF7F51004833C3 /* Build configuration list for PBXNativeTarget "TrainMeFitTests" */;
			buildPhases = (
				87906CDA1AEF7F51004833C3 /* Sources */,
				87906CDB1AEF7F51004833C3 /* Frameworks */,
				87906CDC1AEF7F51004833C3 /* Resources */,
			);
			buildRules = (
			);
			dependencies = (
				87906CE01AEF7F51004833C3 /* PBXTargetDependency */,
			);
			name = TrainMeFitTests;
			productName = TrainMeFitTests;
			productReference = 87906CDE1AEF7F51004833C3 /* TrainMeFitTests.xctest */;
			productType = "com.apple.product-type.bundle.unit-test";
		};
/* End PBXNativeTarget section */

/* Begin PBXProject section */
		87906CBD1AEF7F51004833C3 /* Project object */ = {
			isa = PBXProject;
			attributes = {
				LastUpgradeCheck = 0610;
				ORGANIZATIONNAME = Tungsten;
				TargetAttributes = {
					87906CC41AEF7F51004833C3 = {
						CreatedOnToolsVersion = 6.1.1;
					};
					87906CDD1AEF7F51004833C3 = {
						CreatedOnToolsVersion = 6.1.1;
						TestTargetID = 87906CC41AEF7F51004833C3;
					};
				};
			};
			buildConfigurationList = 87906CC01AEF7F51004833C3 /* Build configuration list for PBXProject "TrainMeFit" */;
			compatibilityVersion = "Xcode 3.2";
			developmentRegion = English;
			hasScannedForEncodings = 0;
			knownRegions = (
				en,
				Base,
			);
			mainGroup = 87906CBC1AEF7F51004833C3;
			productRefGroup = 87906CC61AEF7F51004833C3 /* Products */;
			projectDirPath = "";
			projectRoot = "";
			targets = (
				87906CC41AEF7F51004833C3 /* TrainMeFit */,
				87906CDD1AEF7F51004833C3 /* TrainMeFitTests */,
			);
		};
/* End PBXProject section */

/* Begin PBXResourcesBuildPhase section */
		87906CC31AEF7F51004833C3 /* Resources */ = {
			isa = PBXResourcesBuildPhase;
			buildActionMask = 2147483647;
			files = (
				87906CD41AEF7F51004833C3 /* Main.storyboard in Resources */,
				87906CD91AEF7F51004833C3 /* LaunchScreen.xib in Resources */,
				87906CD61AEF7F51004833C3 /* Images.xcassets in Resources */,
			);
			runOnlyForDeploymentPostprocessing = 0;
		};
		87906CDC1AEF7F51004833C3 /* Resources */ = {
			isa = PBXResourcesBuildPhase;
			buildActionMask = 2147483647;
			files = (
			);
			runOnlyForDeploymentPostprocessing = 0;
		};
/* End PBXResourcesBuildPhase section */

/* Begin PBXSourcesBuildPhase section */
		87906CC11AEF7F51004833C3 /* Sources */ = {
			isa = PBXSourcesBuildPhase;
			buildActionMask = 2147483647;
			files = (
				87906CD11AEF7F51004833C3 /* ViewController.m in Sources */,
				87906CCE1AEF7F51004833C3 /* AppDelegate.m in Sources */,
				87906CCB1AEF7F51004833C3 /* main.m in Sources */,
			);
			runOnlyForDeploymentPostprocessing = 0;
		};
		87906CDA1AEF7F51004833C3 /* Sources */ = {
			isa = PBXSourcesBuildPhase;
			buildActionMask = 2147483647;
			files = (
				87906CE51AEF7F51004833C3 /* TrainMeFitTests.m in Sources */,
			);
			runOnlyForDeploymentPostprocessing = 0;
		};
/* End PBXSourcesBuildPhase section */

/* Begin PBXTargetDependency section */
		87906CE01AEF7F51004833C3 /* PBXTargetDependency */ = {
			isa = PBXTargetDependency;
			target = 87906CC41AEF7F51004833C3 /* TrainMeFit */;
			targetProxy = 87906CDF1AEF7F51004833C3 /* PBXContainerItemProxy */;
		};
/* End PBXTargetDependency section */

/* Begin PBXVariantGroup section */
		87906CD21AEF7F51004833C3 /* Main.storyboard */ = {
			isa = PBXVariantGroup;
			children = (
				87906CD31AEF7F51004833C3 /* Base */,
			);
			name = Main.storyboard;
			sourceTree = "<group>";
		};
		87906CD71AEF7F51004833C3 /* LaunchScreen.xib */ = {
			isa = PBXVariantGroup;
			children = (
				87906CD81AEF7F51004833C3 /* Base */,
			);
			name = LaunchScreen.xib;
			sourceTree = "<group>";
		};
/* End PBXVariantGroup section */

/* Begin XCBuildConfiguration section */
		87906CE61AEF7F51004833C3 /* Debug */ = {
			isa = XCBuildConfiguration;
			buildSettings = {
				ALWAYS_SEARCH_USER_PATHS = NO;
				CLANG_CXX_LANGUAGE_STANDARD = "gnu++0x";
				CLANG_CXX_LIBRARY = "libc++";
				CLANG_ENABLE_MODULES = YES;
				CLANG_ENABLE_OBJC_ARC = YES;
				CLANG_WARN_BOOL_CONVERSION = YES;
				CLANG_WARN_CONSTANT_CONVERSION = YES;
				CLANG_WARN_DIRECT_OBJC_ISA_USAGE = YES_ERROR;
				CLANG_WARN_EMPTY_BODY = YES;
				CLANG_WARN_ENUM_CONVERSION = YES;
				CLANG_WARN_INT_CONVERSION = YES;
				CLANG_WARN_OBJC_ROOT_CLASS = YES_ERROR;
				CLANG_WARN_UNREACHABLE_CODE = YES;
				CLANG_WARN__DUPLICATE_METHOD_MATCH = YES;
				"CODE_SIGN_IDENTITY[sdk=iphoneos*]" = "iPhone Developer";
				COPY_PHASE_STRIP = NO;
				ENABLE_STRICT_OBJC_MSGSEND = YES;
				GCC_C_LANGUAGE_STANDARD = gnu99;
				GCC_DYNAMIC_NO_PIC = NO;
				GCC_OPTIMIZATION_LEVEL = 0;
				GCC_PREPROCESSOR_DEFINITIONS = (
					"DEBUG=1",
					"$(inherited)",
				);
				GCC_SYMBOLS_PRIVATE_EXTERN = NO;
				GCC_WARN_64_TO_32_BIT_CONVERSION = YES;
				GCC_WARN_ABOUT_RETURN_TYPE = YES_ERROR;
				GCC_WARN_UNDECLARED_SELECTOR = YES;
				GCC_WARN_UNINITIALIZED_AUTOS = YES_AGGRESSIVE;
				GCC_WARN_UNUSED_FUNCTION = YES;
				GCC_WARN_UNUSED_VARIABLE = YES;
				IPHONEOS_DEPLOYMENT_TARGET = 8.1;
				MTL_ENABLE_DEBUG_INFO = YES;
				ONLY_ACTIVE_ARCH = YES;
				SDKROOT = iphoneos;
			};
			name = Debug;
		};
		87906CE71AEF7F51004833C3 /* Release */ = {
			isa = XCBuildConfiguration;
			buildSettings = {
				ALWAYS_SEARCH_USER_PATHS = NO;
				CLANG_CXX_LANGUAGE_STANDARD = "gnu++0x";
				CLANG_CXX_LIBRARY = "libc++";
				CLANG_ENABLE_MODULES = YES;
				CLANG_ENABLE_OBJC_ARC = YES;
				CLANG_WARN_BOOL_CONVERSION = YES;
				CLANG_WARN_CONSTANT_CONVERSION = YES;
				CLANG_WARN_DIRECT_OBJC_ISA_USAGE = YES_ERROR;
				CLANG_WARN_EMPTY_BODY = YES;
				CLANG_WARN_ENUM_CONVERSION = YES;
				CLANG_WARN_INT_CONVERSION = YES;
				CLANG_WARN_OBJC_ROOT_CLASS = YES_ERROR;
				CLANG_WARN_UNREACHABLE_CODE = YES;
				CLANG_WARN__DUPLICATE_METHOD_MATCH = YES;
				"CODE_SIGN_IDENTITY[sdk=iphoneos*]" = "iPhone Developer";
				COPY_PHASE_STRIP = YES;
				ENABLE_NS_ASSERTIONS = NO;
				ENABLE_STRICT_OBJC_MSGSEND = YES;
				GCC_C_LANGUAGE_STANDARD = gnu99;
				GCC_WARN_64_TO_32_BIT_CONVERSION = YES;
				GCC_WARN_ABOUT_RETURN_TYPE = YES_ERROR;
				GCC_WARN_UNDECLARED_SELECTOR = YES;
				GCC_WARN_UNINITIALIZED_AUTOS = YES_AGGRESSIVE;
				GCC_WARN_UNUSED_FUNCTION = YES;
				GCC_WARN_UNUSED_VARIABLE = YES;
				IPHONEOS_DEPLOYMENT_TARGET = 8.1;
				MTL_ENABLE_DEBUG_INFO = NO;
				SDKROOT = iphoneos;
				VALIDATE_PRODUCT = YES;
			};
			name = Release;
		};
		87906CE91AEF7F51004833C3 /* Debug */ = {
			isa = XCBuildConfiguration;
			buildSettings = {
				ASSETCATALOG_COMPILER_APPICON_NAME = AppIcon;
				INFOPLIST_FILE = TrainMeFit/Info.plist;
				LD_RUNPATH_SEARCH_PATHS = "$(inherited) @executable_path/Frameworks";
				PRODUCT_NAME = "$(TARGET_NAME)";
			};
			name = Debug;
		};
		87906CEA1AEF7F51004833C3 /* Release */ = {
			isa = XCBuildConfiguration;
			buildSettings = {
				ASSETCATALOG_COMPILER_APPICON_NAME = AppIcon;
				INFOPLIST_FILE = TrainMeFit/Info.plist;
				LD_RUNPATH_SEARCH_PATHS = "$(inherited) @executable_path/Frameworks";
				PRODUCT_NAME = "$(TARGET_NAME)";
			};
			name = Release;
		};
		87906CEC1AEF7F51004833C3 /* Debug */ = {
			isa = XCBuildConfiguration;
			buildSettings = {
				BUNDLE_LOADER = "$(TEST_HOST)";
				FRAMEWORK_SEARCH_PATHS = (
					"$(SDKROOT)/Developer/Library/Frameworks",
					"$(inherited)",
				);
				GCC_PREPROCESSOR_DEFINITIONS = (
					"DEBUG=1",
					"$(inherited)",
				);
				INFOPLIST_FILE = TrainMeFitTests/Info.plist;
				LD_RUNPATH_SEARCH_PATHS = "$(inherited) @executable_path/Frameworks @loader_path/Frameworks";
				PRODUCT_NAME = "$(TARGET_NAME)";
				TEST_HOST = "$(BUILT_PRODUCTS_DIR)/TrainMeFit.app/TrainMeFit";
			};
			name = Debug;
		};
		87906CED1AEF7F51004833C3 /* Release */ = {
			isa = XCBuildConfiguration;
			buildSettings = {
				BUNDLE_LOADER = "$(TEST_HOST)";
				FRAMEWORK_SEARCH_PATHS = (
					"$(SDKROOT)/Developer/Library/Frameworks",
					"$(inherited)",
				);
				INFOPLIST_FILE = TrainMeFitTests/Info.plist;
				LD_RUNPATH_SEARCH_PATHS = "$(inherited) @executable_path/Frameworks @loader_path/Frameworks";
				PRODUCT_NAME = "$(TARGET_NAME)";
				TEST_HOST = "$(BUILT_PRODUCTS_DIR)/TrainMeFit.app/TrainMeFit";
			};
			name = Release;
		};
/* End XCBuildConfiguration section */

/* Begin XCConfigurationList section */
		87906CC01AEF7F51004833C3 /* Build configuration list for PBXProject "TrainMeFit" */ = {
			isa = XCConfigurationList;
			buildConfigurations = (
				87906CE61AEF7F51004833C3 /* Debug */,
				87906CE71AEF7F51004833C3 /* Release */,
			);
			defaultConfigurationIsVisible = 0;
			defaultConfigurationName = Release;
		};
		87906CE81AEF7F51004833C3 /* Build configuration list for PBXNativeTarget "TrainMeFit" */ = {
			isa = XCConfigurationList;
			buildConfigurations = (
				87906CE91AEF7F51004833C3 /* Debug */,
				87906CEA1AEF7F51004833C3 /* Release */,
			);
			defaultConfigurationIsVisible = 0;
		};
		87906CEB1AEF7F51004833C3 /* Build configuration list for PBXNativeTarget "TrainMeFitTests" */ = {
			isa = XCConfigurationList;
			buildConfigurations = (
				87906CEC1AEF7F51004833C3 /* Debug */,
				87906CED1AEF7F51004833C3 /* Release */,
			);
			defaultConfigurationIsVisible = 0;
		};
/* End XCConfigurationList section */
	};
	rootObject = 87906CBD1AEF7F51004833C3 /* Project object */;
}
